version 4.12.0
artifact darwin amd64 27b377a482d368b74bde25b2809d02bfc65cd29baa4255af827032094916a462 3f84320133f9cb08a6e82e50137d1247c95753802c7babfa6b7fe826cb76714f
artifact darwin arm64 e7cfbf6f0599324517f70dcf064da3fafb0e3956328ebb8162e0d262d0307622 2a6dde0f3c692ad0d6691424aed10076ea636b878574a54938fb14d29e629724
artifact linux amd64 fc29b830bca41763c7cbb6ce66d1a14040fc2d077318479512c6a83052b70851 ad4f9867d381adee1fc97bba69ec75dddecadfdafe26b0fdcc945fff6c317bad
artifact linux arm64 1c73fbcf19c6ab8056ffd42fc77a4fc25de7e5574b6f44a95488cd19b1ff9d53 0fc4fd8445fa0e86e6939a7dedae353d9ebdb462d149439a60f97d1772257899
