version v0.17.1
artifact darwin amd64 80aa026c3f47400c7bfc228b3422fd56b7c6c5ea4d70686f8d8f01ced716d3de e01933de678814a84579c9a417b7d50e0792f43e33b5b05547a04eff726c3518
artifact darwin arm64 64921403f012a97f89494c03605db2fbf7d9daa77dc2631819ac4406cb2e8074 96fe60cbbe4dac69bae9199a2c4c69837559251dae3120609c0ecc666ec744c2
artifact linux amd64 a39b0c97695069d95d276d99be0f5dbabb081d801bfdc9ba49b76efaf94e2369 b1e73b13d87ed1812de7626108324600f478b9b862bc926f9a360ffd01d19297
artifact linux arm64 0d729be30d52c952ca38fc9dcb692caa09d8463fa0b64df5781312779183fbcd 60aa52c46fc02226b9790698900ab578764227a1e7801da5630324b4b72e2df3
